// !$*UTF8*$!
{
	archiveVersion = 1;
	classes = {
	};
	objectVersion = 50;
	objects = {

/* Begin PBXBuildFile section */
		1701A5A0259F54A6004F4FCF /* PortfolioAppApp.swift in Sources */ = {isa = PBXBuildFile; fileRef = 1701A59F259F54A6004F4FCF /* PortfolioAppApp.swift */; };
		1701A5A2259F54A6004F4FCF /* ContentView.swift in Sources */ = {isa = PBXBuildFile; fileRef = 1701A5A1259F54A6004F4FCF /* ContentView.swift */; };
		1701A5A4259F54AA004F4FCF /* Assets.xcassets in Resources */ = {isa = PBXBuildFile; fileRef = 1701A5A3259F54AA004F4FCF /* Assets.xcassets */; };
		1701A5A7259F54AA004F4FCF /* Preview Assets.xcassets in Resources */ = {isa = PBXBuildFile; fileRef = 1701A5A6259F54AA004F4FCF /* Preview Assets.xcassets */; };
		1742D8E025A0F81E001F49D9 /* appData.swift in Sources */ = {isa = PBXBuildFile; fileRef = 1742D8DF25A0F81E001F49D9 /* appData.swift */; };
		17602235259FAC3100608151 /* avatarView.swift in Sources */ = {isa = PBXBuildFile; fileRef = 17602234259FAC3100608151 /* avatarView.swift */; };
		17602238259FC7F700608151 /* cardView.swift in Sources */ = {isa = PBXBuildFile; fileRef = 17602237259FC7F700608151 /* cardView.swift */; };
		17FEBC8225A27FDD00E635CA /* socialMedia.swift in Sources */ = {isa = PBXBuildFile; fileRef = 17FEBC8125A27FDD00E635CA /* socialMedia.swift */; };
/* End PBXBuildFile section */

/* Begin PBXFileReference section */
		1701A59C259F54A6004F4FCF /* PortfolioApp.app */ = {isa = PBXFileReference; explicitFileType = wrapper.application; includeInIndex = 0; path = PortfolioApp.app; sourceTree = BUILT_PRODUCTS_DIR; };
		1701A59F259F54A6004F4FCF /* PortfolioAppApp.swift */ = {isa = PBXFileReference; lastKnownFileType = sourcecode.swift; path = PortfolioAppApp.swift; sourceTree = "<group>"; };
		1701A5A1259F54A6004F4FCF /* ContentView.swift */ = {isa = PBXFileReference; lastKnownFileType = sourcecode.swift; path = ContentView.swift; sourceTree = "<group>"; };
		1701A5A3259F54AA004F4FCF /* Assets.xcassets */ = {isa = PBXFileReference; lastKnownFileType = folder.assetcatalog; path = Assets.xcassets; sourceTree = "<group>"; };
		1701A5A6259F54AA004F4FCF /* Preview Assets.xcassets */ = {isa = PBXFileReference; lastKnownFileType = folder.assetcatalog; path = "Preview Assets.xcassets"; sourceTree = "<group>"; };
		1701A5A8259F54AA004F4FCF /* Info.plist */ = {isa = PBXFileReference; lastKnownFileType = text.plist.xml; path = Info.plist; sourceTree = "<group>"; };
		1742D8DF25A0F81E001F49D9 /* appData.swift */ = {isa = PBXFileReference; lastKnownFileType = sourcecode.swift; path = appData.swift; sourceTree = "<group>"; };
		17602234259FAC3100608151 /* avatarView.swift */ = {isa = PBXFileReference; lastKnownFileType = sourcecode.swift; path = avatarView.swift; sourceTree = "<group>"; };
		17602237259FC7F700608151 /* cardView.swift */ = {isa = PBXFileReference; lastKnownFileType = sourcecode.swift; path = cardView.swift; sourceTree = "<group>"; };
		17FEBC8125A27FDD00E635CA /* socialMedia.swift */ = {isa = PBXFileReference; lastKnownFileType = sourcecode.swift; path = socialMedia.swift; sourceTree = "<group>"; };
/* End PBXFileReference section */

/* Begin PBXFrameworksBuildPhase section */
		1701A599259F54A6004F4FCF /* Frameworks */ = {
			isa = PBXFrameworksBuildPhase;
			buildActionMask = 2147483647;
			files = (
			);
			runOnlyForDeploymentPostprocessing = 0;
		};
/* End PBXFrameworksBuildPhase section */

/* Begin PBXGroup section */
		1701A593259F54A6004F4FCF = {
			isa = PBXGroup;
			children = (
				1701A59E259F54A6004F4FCF /* PortfolioApp */,
				1701A59D259F54A6004F4FCF /* Products */,
			);
			sourceTree = "<group>";
		};
		1701A59D259F54A6004F4FCF /* Products */ = {
			isa = PBXGroup;
			children = (
				1701A59C259F54A6004F4FCF /* PortfolioApp.app */,
			);
			name = Products;
			sourceTree = "<group>";
		};
		1701A59E259F54A6004F4FCF /* PortfolioApp */ = {
			isa = PBXGroup;
			children = (
				1701A59F259F54A6004F4FCF /* PortfolioAppApp.swift */,
				1701A5A1259F54A6004F4FCF /* ContentView.swift */,
				17602237259FC7F700608151 /* cardView.swift */,
				17602234259FAC3100608151 /* avatarView.swift */,
				1742D8DF25A0F81E001F49D9 /* appData.swift */,
				17FEBC8125A27FDD00E635CA /* socialMedia.swift */,
				1701A5A3259F54AA004F4FCF /* Assets.xcassets */,
				1701A5A8259F54AA004F4FCF /* Info.plist */,
				1701A5A5259F54AA004F4FCF /* Preview Content */,
			);
			path = PortfolioApp;
			sourceTree = "<group>";
		};
		1701A5A5259F54AA004F4FCF /* Preview Content */ = {
			isa = PBXGroup;
			children = (
				1701A5A6259F54AA004F4FCF /* Preview Assets.xcassets */,
			);
			path = "Preview Content";
			sourceTree = "<group>";
		};
/* End PBXGroup section */

/* Begin PBXNativeTarget section */
		1701A59B259F54A6004F4FCF /* PortfolioApp */ = {
			isa = PBXNativeTarget;
			buildConfigurationList = 1701A5AB259F54AA004F4FCF /* Build configuration list for PBXNativeTarget "PortfolioApp" */;
			buildPhases = (
				1701A598259F54A6004F4FCF /* Sources */,
				1701A599259F54A6004F4FCF /* Frameworks */,
				1701A59A259F54A6004F4FCF /* Resources */,
			);
			buildRules = (
			);
			dependencies = (
			);
			name = PortfolioApp;
			productName = PortfolioApp;
			productReference = 1701A59C259F54A6004F4FCF /* PortfolioApp.app */;
			productType = "com.apple.product-type.application";
		};
/* End PBXNativeTarget section */

/* Begin PBXProject section */
		1701A594259F54A6004F4FCF /* Project object */ = {
			isa = PBXProject;
			attributes = {
				LastSwiftUpdateCheck = 1230;
				LastUpgradeCheck = 1230;
				TargetAttributes = {
					1701A59B259F54A6004F4FCF = {
						CreatedOnToolsVersion = 12.3;
					};
				};
			};
			buildConfigurationList = 1701A597259F54A6004F4FCF /* Build configuration list for PBXProject "PortfolioApp" */;
			compatibilityVersion = "Xcode 9.3";
			developmentRegion = en;
			hasScannedForEncodings = 0;
			knownRegions = (
				en,
				Base,
			);
			mainGroup = 1701A593259F54A6004F4FCF;
			productRefGroup = 1701A59D259F54A6004F4FCF /* Products */;
			projectDirPath = "";
			projectRoot = "";
			targets = (
				1701A59B259F54A6004F4FCF /* PortfolioApp */,
			);
		};
/* End PBXProject section */

/* Begin PBXResourcesBuildPhase section */
		1701A59A259F54A6004F4FCF /* Resources */ = {
			isa = PBXResourcesBuildPhase;
			buildActionMask = 2147483647;
			files = (
				1701A5A7259F54AA004F4FCF /* Preview Assets.xcassets in Resources */,
				1701A5A4259F54AA004F4FCF /* Assets.xcassets in Resources */,
			);
			runOnlyForDeploymentPostprocessing = 0;
		};
/* End PBXResourcesBuildPhase section */

/* Begin PBXSourcesBuildPhase section */
		1701A598259F54A6004F4FCF /* Sources */ = {
			isa = PBXSourcesBuildPhase;
			buildActionMask = 2147483647;
			files = (
				1701A5A2259F54A6004F4FCF /* ContentView.swift in Sources */,
				17FEBC8225A27FDD00E635CA /* socialMedia.swift in Sources */,
				1742D8E025A0F81E001F49D9 /* appData.swift in Sources */,
				1701A5A0259F54A6004F4FCF /* PortfolioAppApp.swift in Sources */,
				17602238259FC7F700608151 /* cardView.swift in Sources */,
				17602235259FAC3100608151 /* avatarView.swift in Sources */,
			);
			runOnlyForDeploymentPostprocessing = 0;
		};
/* End PBXSourcesBuildPhase section */

/* Begin XCBuildConfiguration section */
		1701A5A9259F54AA004F4FCF /* Debug */ = {
			isa = XCBuildConfiguration;
			buildSettings = {
				ALWAYS_SEARCH_USER_PATHS = NO;
				CLANG_ANALYZER_NONNULL = YES;
				CLANG_ANALYZER_NUMBER_OBJECT_CONVERSION = YES_AGGRESSIVE;
				CLANG_CXX_LANGUAGE_STANDARD = "gnu++14";
				CLANG_CXX_LIBRARY = "libc++";
				CLANG_ENABLE_MODULES = YES;
				CLANG_ENABLE_OBJC_ARC = YES;
				CLANG_ENABLE_OBJC_WEAK = YES;
				CLANG_WARN_BLOCK_CAPTURE_AUTORELEASING = YES;
				CLANG_WARN_BOOL_CONVERSION = YES;
				CLANG_WARN_COMMA = YES;
				CLANG_WARN_CONSTANT_CONVERSION = YES;
				CLANG_WARN_DEPRECATED_OBJC_IMPLEMENTATIONS = YES;
				CLANG_WARN_DIRECT_OBJC_ISA_USAGE = YES_ERROR;
				CLANG_WARN_DOCUMENTATION_COMMENTS = YES;
				CLANG_WARN_EMPTY_BODY = YES;
				CLANG_WARN_ENUM_CONVERSION = YES;
				CLANG_WARN_INFINITE_RECURSION = YES;
				CLANG_WARN_INT_CONVERSION = YES;
				CLANG_WARN_NON_LITERAL_NULL_CONVERSION = YES;
				CLANG_WARN_OBJC_IMPLICIT_RETAIN_SELF = YES;
				CLANG_WARN_OBJC_LITERAL_CONVERSION = YES;
				CLANG_WARN_OBJC_ROOT_CLASS = YES_ERROR;
				CLANG_WARN_QUOTED_INCLUDE_IN_FRAMEWORK_HEADER = YES;
				CLANG_WARN_RANGE_LOOP_ANALYSIS = YES;
				CLANG_WARN_STRICT_PROTOTYPES = YES;
				CLANG_WARN_SUSPICIOUS_MOVE = YES;
				CLANG_WARN_UNGUARDED_AVAILABILITY = YES_AGGRESSIVE;
				CLANG_WARN_UNREACHABLE_CODE = YES;
				CLANG_WARN__DUPLICATE_METHOD_MATCH = YES;
				COPY_PHASE_STRIP = NO;
				DEBUG_INFORMATION_FORMAT = dwarf;
				ENABLE_STRICT_OBJC_MSGSEND = YES;
				ENABLE_TESTABILITY = YES;
				GCC_C_LANGUAGE_STANDARD = gnu11;
				GCC_DYNAMIC_NO_PIC = NO;
				GCC_NO_COMMON_BLOCKS = YES;
				GCC_OPTIMIZATION_LEVEL = 0;
				GCC_PREPROCESSOR_DEFINITIONS = (
					"DEBUG=1",
					"$(inherited)",
				);
				GCC_WARN_64_TO_32_BIT_CONVERSION = YES;
				GCC_WARN_ABOUT_RETURN_TYPE = YES_ERROR;
				GCC_WARN_UNDECLARED_SELECTOR = YES;
				GCC_WARN_UNINITIALIZED_AUTOS = YES_AGGRESSIVE;
				GCC_WARN_UNUSED_FUNCTION = YES;
				GCC_WARN_UNUSED_VARIABLE = YES;
				IPHONEOS_DEPLOYMENT_TARGET = 14.3;
				MTL_ENABLE_DEBUG_INFO = INCLUDE_SOURCE;
				MTL_FAST_MATH = YES;
				ONLY_ACTIVE_ARCH = YES;
				SDKROOT = iphoneos;
				SWIFT_ACTIVE_COMPILATION_CONDITIONS = DEBUG;
				SWIFT_OPTIMIZATION_LEVEL = "-Onone";
			};
			name = Debug;
		};
		1701A5AA259F54AA004F4FCF /* Release */ = {
			isa = XCBuildConfiguration;
			buildSettings = {
				ALWAYS_SEARCH_USER_PATHS = NO;
				CLANG_ANALYZER_NONNULL = YES;
				CLANG_ANALYZER_NUMBER_OBJECT_CONVERSION = YES_AGGRESSIVE;
				CLANG_CXX_LANGUAGE_STANDARD = "gnu++14";
				CLANG_CXX_LIBRARY = "libc++";
				CLANG_ENABLE_MODULES = YES;
				CLANG_ENABLE_OBJC_ARC = YES;
				CLANG_ENABLE_OBJC_WEAK = YES;
				CLANG_WARN_BLOCK_CAPTURE_AUTORELEASING = YES;
				CLANG_WARN_BOOL_CONVERSION = YES;
				CLANG_WARN_COMMA = YES;
				CLANG_WARN_CONSTANT_CONVERSION = YES;
				CLANG_WARN_DEPRECATED_OBJC_IMPLEMENTATIONS = YES;
				CLANG_WARN_DIRECT_OBJC_ISA_USAGE = YES_ERROR;
				CLANG_WARN_DOCUMENTATION_COMMENTS = YES;
				CLANG_WARN_EMPTY_BODY = YES;
				CLANG_WARN_ENUM_CONVERSION = YES;
				CLANG_WARN_INFINITE_RECURSION = YES;
				CLANG_WARN_INT_CONVERSION = YES;
				CLANG_WARN_NON_LITERAL_NULL_CONVERSION = YES;
				CLANG_WARN_OBJC_IMPLICIT_RETAIN_SELF = YES;
				CLANG_WARN_OBJC_LITERAL_CONVERSION = YES;
				CLANG_WARN_OBJC_ROOT_CLASS = YES_ERROR;
				CLANG_WARN_QUOTED_INCLUDE_IN_FRAMEWORK_HEADER = YES;
				CLANG_WARN_RANGE_LOOP_ANALYSIS = YES;
				CLANG_WARN_STRICT_PROTOTYPES = YES;
				CLANG_WARN_SUSPICIOUS_MOVE = YES;
				CLANG_WARN_UNGUARDED_AVAILABILITY = YES_AGGRESSIVE;
				CLANG_WARN_UNREACHABLE_CODE = YES;
				CLANG_WARN__DUPLICATE_METHOD_MATCH = YES;
				COPY_PHASE_STRIP = NO;
				DEBUG_INFORMATION_FORMAT = "dwarf-with-dsym";
				ENABLE_NS_ASSERTIONS = NO;
				ENABLE_STRICT_OBJC_MSGSEND = YES;
				GCC_C_LANGUAGE_STANDARD = gnu11;
				GCC_NO_COMMON_BLOCKS = YES;
				GCC_WARN_64_TO_32_BIT_CONVERSION = YES;
				GCC_WARN_ABOUT_RETURN_TYPE = YES_ERROR;
				GCC_WARN_UNDECLARED_SELECTOR = YES;
				GCC_WARN_UNINITIALIZED_AUTOS = YES_AGGRESSIVE;
				GCC_WARN_UNUSED_FUNCTION = YES;
				GCC_WARN_UNUSED_VARIABLE = YES;
				IPHONEOS_DEPLOYMENT_TARGET = 14.3;
				MTL_ENABLE_DEBUG_INFO = NO;
				MTL_FAST_MATH = YES;
				SDKROOT = iphoneos;
				SWIFT_COMPILATION_MODE = wholemodule;
				SWIFT_OPTIMIZATION_LEVEL = "-O";
				VALIDATE_PRODUCT = YES;
			};
			name = Release;
		};
		1701A5AC259F54AA004F4FCF /* Debug */ = {
			isa = XCBuildConfiguration;
			buildSettings = {
				ASSETCATALOG_COMPILER_APPICON_NAME = AppIcon;
				ASSETCATALOG_COMPILER_GLOBAL_ACCENT_COLOR_NAME = AccentColor;
				CODE_SIGN_STYLE = Automatic;
				DEVELOPMENT_ASSET_PATHS = "\"PortfolioApp/Preview Content\"";
				DEVELOPMENT_TEAM = M4YMDNRFZP;
				ENABLE_PREVIEWS = YES;
				INFOPLIST_FILE = PortfolioApp/Info.plist;
				IPHONEOS_DEPLOYMENT_TARGET = 14.0;
				LD_RUNPATH_SEARCH_PATHS = (
					"$(inherited)",
					"@executable_path/Frameworks",
				);
				PRODUCT_BUNDLE_IDENTIFIER = philipp.PortfolioApp;
				PRODUCT_NAME = "$(TARGET_NAME)";
				SWIFT_VERSION = 5.0;
				TARGETED_DEVICE_FAMILY = "1,2";
			};
			name = Debug;
		};
		1701A5AD259F54AA004F4FCF /* Release */ = {
			isa = XCBuildConfiguration;
			buildSettings = {
				ASSETCATALOG_COMPILER_APPICON_NAME = AppIcon;
				ASSETCATALOG_COMPILER_GLOBAL_ACCENT_COLOR_NAME = AccentColor;
				CODE_SIGN_STYLE = Automatic;
				DEVELOPMENT_ASSET_PATHS = "\"PortfolioApp/Preview Content\"";
				DEVELOPMENT_TEAM = M4YMDNRFZP;
				ENABLE_PREVIEWS = YES;
				INFOPLIST_FILE = PortfolioApp/Info.plist;
				IPHONEOS_DEPLOYMENT_TARGET = 14.0;
				LD_RUNPATH_SEARCH_PATHS = (
					"$(inherited)",
					"@executable_path/Frameworks",
				);
				PRODUCT_BUNDLE_IDENTIFIER = philipp.PortfolioApp;
				PRODUCT_NAME = "$(TARGET_NAME)";
				SWIFT_VERSION = 5.0;
				TARGETED_DEVICE_FAMILY = "1,2";
			};
			name = Release;
		};
/* End XCBuildConfiguration section */

/* Begin XCConfigurationList section */
		1701A597259F54A6004F4FCF /* Build configuration list for PBXProject "PortfolioApp" */ = {
			isa = XCConfigurationList;
			buildConfigurations = (
				1701A5A9259F54AA004F4FCF /* Debug */,
				1701A5AA259F54AA004F4FCF /* Release */,
			);
			defaultConfigurationIsVisible = 0;
			defaultConfigurationName = Release;
		};
		1701A5AB259F54AA004F4FCF /* Build configuration list for PBXNativeTarget "PortfolioApp" */ = {
			isa = XCConfigurationList;
			buildConfigurations = (
				1701A5AC259F54AA004F4FCF /* Debug */,
				1701A5AD259F54AA004F4FCF /* Release */,
			);
			defaultConfigurationIsVisible = 0;
			defaultConfigurationName = Release;
		};
/* End XCConfigurationList section */
	};
	rootObject = 1701A594259F54A6004F4FCF /* Project object */;
}
